
Microsoft Visual Studio Solution File, Format Version 12.00
# Visual Studio Version 17
VisualStudioVersion = 17.9.34902.65
MinimumVisualStudioVersion = 10.0.40219.1
Project("{FAE04EC0-301F-11D3-BF4B-00C04F79EFBC}") = "ConsoleApp4", "ConsoleApp4\ConsoleApp4.csproj", "{F533B6A5-6140-4A6C-90EE-42F2149D6643}"
EndProject
Global
	GlobalSection(SolutionConfigurationPlatforms) = preSolution
		Debug|Any CPU = Debug|Any CPU
		Release|Any CPU = Release|Any CPU
	EndGlobalSection
	GlobalSection(ProjectConfigurationPlatforms) = postSolution
		{F533B6A5-6140-4A6C-90EE-42F2149D6643}.Debug|Any CPU.ActiveCfg = Debug|Any CPU
		{F533B6A5-6140-4A6C-90EE-42F2149D6643}.Debug|Any CPU.Build.0 = Debug|Any CPU
		{F533B6A5-6140-4A6C-90EE-42F2149D6643}.Release|Any CPU.ActiveCfg = Release|Any CPU
		{F533B6A5-6140-4A6C-90EE-42F2149D6643}.Release|Any CPU.Build.0 = Release|Any CPU
	EndGlobalSection
	GlobalSection(SolutionProperties) = preSolution
		HideSolutionNode = FALSE
	EndGlobalSection
	GlobalSection(ExtensibilityGlobals) = postSolution
		SolutionGuid = {576AA760-6B07-4F6D-9EA2-3D8D94126EC0}
	EndGlobalSection
EndGlobal
